
Microsoft Visual Studio Solution File, Format Version 12.00
# Visual Studio Version 16
VisualStudioVersion = 16.0.30011.22
MinimumVisualStudioVersion = 10.0.40219.1
Project("{FAE04EC0-301F-11D3-BF4B-00C04F79EFBC}") = "IBY1.0", "IBY1.0.csproj", "{99BA38CD-4978-4E8F-A87F-CC2F4FAB9B3C}"
EndProject
Global
	GlobalSection(SolutionConfigurationPlatforms) = preSolution
		Debug|Any CPU = Debug|Any CPU
		Debug|x64 = Debug|x64
		Release|Any CPU = Release|Any CPU
		Release|x64 = Release|x64
	EndGlobalSection
	GlobalSection(ProjectConfigurationPlatforms) = postSolution
		{99BA38CD-4978-4E8F-A87F-CC2F4FAB9B3C}.Debug|Any CPU.ActiveCfg = Debug|Any CPU
		{99BA38CD-4978-4E8F-A87F-CC2F4FAB9B3C}.Debug|Any CPU.Build.0 = Debug|Any CPU
		{99BA38CD-4978-4E8F-A87F-CC2F4FAB9B3C}.Debug|x64.ActiveCfg = Debug|Any CPU
		{99BA38CD-4978-4E8F-A87F-CC2F4FAB9B3C}.Debug|x64.Build.0 = Debug|Any CPU
		{99BA38CD-4978-4E8F-A87F-CC2F4FAB9B3C}.Release|Any CPU.ActiveCfg = Release|Any CPU
		{99BA38CD-4978-4E8F-A87F-CC2F4FAB9B3C}.Release|Any CPU.Build.0 = Release|Any CPU
		{99BA38CD-4978-4E8F-A87F-CC2F4FAB9B3C}.Release|x64.ActiveCfg = Release|Any CPU
		{99BA38CD-4978-4E8F-A87F-CC2F4FAB9B3C}.Release|x64.Build.0 = Release|Any CPU
	EndGlobalSection
	GlobalSection(SolutionProperties) = preSolution
		HideSolutionNode = FALSE
	EndGlobalSection
	GlobalSection(ExtensibilityGlobals) = postSolution
		SolutionGuid = {C5578EC7-2E84-4C17-976C-C0274C50D263}
	EndGlobalSection
EndGlobal
